// !$*UTF8*$!
{
	archiveVersion = 1;
	classes = {
	};
	objectVersion = 50;
	objects = {

/* Begin PBXBuildFile section */
		C0498B07248AEB300008C91B /* AppDelegate.swift in Sources */ = {isa = PBXBuildFile; fileRef = C0498B06248AEB300008C91B /* AppDelegate.swift */; };
		C0498B09248AEB300008C91B /* GameScene.sks in Resources */ = {isa = PBXBuildFile; fileRef = C0498B08248AEB300008C91B /* GameScene.sks */; };
		C0498B0B248AEB300008C91B /* Actions.sks in Resources */ = {isa = PBXBuildFile; fileRef = C0498B0A248AEB300008C91B /* Actions.sks */; };
		C0498B0D248AEB300008C91B /* GameScene.swift in Sources */ = {isa = PBXBuildFile; fileRef = C0498B0C248AEB300008C91B /* GameScene.swift */; };
		C0498B0F248AEB300008C91B /* GameViewController.swift in Sources */ = {isa = PBXBuildFile; fileRef = C0498B0E248AEB300008C91B /* GameViewController.swift */; };
		C0498B12248AEB300008C91B /* Main.storyboard in Resources */ = {isa = PBXBuildFile; fileRef = C0498B10248AEB300008C91B /* Main.storyboard */; };
		C0498B14248AEB320008C91B /* Assets.xcassets in Resources */ = {isa = PBXBuildFile; fileRef = C0498B13248AEB320008C91B /* Assets.xcassets */; };
		C0498B17248AEB320008C91B /* LaunchScreen.storyboard in Resources */ = {isa = PBXBuildFile; fileRef = C0498B15248AEB320008C91B /* LaunchScreen.storyboard */; };
		C0498B21248C06E70008C91B /* pulse.sks in Resources */ = {isa = PBXBuildFile; fileRef = C0498B20248C06E70008C91B /* pulse.sks */; };
		C0498B23248C07680008C91B /* fireworks.sks in Resources */ = {isa = PBXBuildFile; fileRef = C0498B22248C07680008C91B /* fireworks.sks */; };
		C0498B27248C33F90008C91B /* GameElements.swift in Sources */ = {isa = PBXBuildFile; fileRef = C0498B26248C33F90008C91B /* GameElements.swift */; };
		C0498B29248C34080008C91B /* GameFunctions.swift in Sources */ = {isa = PBXBuildFile; fileRef = C0498B28248C34080008C91B /* GameFunctions.swift */; };
		C0498B33248D3CB10008C91B /* powerUp.wav in Resources */ = {isa = PBXBuildFile; fileRef = C0498B2C248D3CB00008C91B /* powerUp.wav */; };
		C0498B34248D3CB10008C91B /* move.wav in Resources */ = {isa = PBXBuildFile; fileRef = C0498B2D248D3CB00008C91B /* move.wav */; };
		C0498B35248D3CB10008C91B /* MenuHighscoreMusic.mp3 in Resources */ = {isa = PBXBuildFile; fileRef = C0498B2E248D3CB00008C91B /* MenuHighscoreMusic.mp3 */; };
		C0498B36248D3CB10008C91B /* background.wav in Resources */ = {isa = PBXBuildFile; fileRef = C0498B2F248D3CB00008C91B /* background.wav */; };
		C0498B37248D3CB10008C91B /* levelCompleted.wav in Resources */ = {isa = PBXBuildFile; fileRef = C0498B30248D3CB00008C91B /* levelCompleted.wav */; };
		C0498B38248D3CB10008C91B /* fail.wav in Resources */ = {isa = PBXBuildFile; fileRef = C0498B31248D3CB00008C91B /* fail.wav */; };
		C0498B39248D3CB10008C91B /* levelUp.wav in Resources */ = {isa = PBXBuildFile; fileRef = C0498B32248D3CB00008C91B /* levelUp.wav */; };
		C0498B3E248D479D0008C91B /* GameOverScene.swift in Sources */ = {isa = PBXBuildFile; fileRef = C0498B3A248D479D0008C91B /* GameOverScene.swift */; };
		C0498B3F248D479D0008C91B /* StartScene.swift in Sources */ = {isa = PBXBuildFile; fileRef = C0498B3B248D479D0008C91B /* StartScene.swift */; };
		C0498B40248D479D0008C91B /* StartScene.sks in Resources */ = {isa = PBXBuildFile; fileRef = C0498B3C248D479D0008C91B /* StartScene.sks */; };
		C0498B41248D479D0008C91B /* GameOverScene.sks in Resources */ = {isa = PBXBuildFile; fileRef = C0498B3D248D479D0008C91B /* GameOverScene.sks */; };
/* End PBXBuildFile section */

/* Begin PBXFileReference section */
		C0498B03248AEB300008C91B /* ColorGame.app */ = {isa = PBXFileReference; explicitFileType = wrapper.application; includeInIndex = 0; path = ColorGame.app; sourceTree = BUILT_PRODUCTS_DIR; };
		C0498B06248AEB300008C91B /* AppDelegate.swift */ = {isa = PBXFileReference; lastKnownFileType = sourcecode.swift; path = AppDelegate.swift; sourceTree = "<group>"; };
		C0498B08248AEB300008C91B /* GameScene.sks */ = {isa = PBXFileReference; lastKnownFileType = file.sks; path = GameScene.sks; sourceTree = "<group>"; };
		C0498B0A248AEB300008C91B /* Actions.sks */ = {isa = PBXFileReference; lastKnownFileType = file.sks; path = Actions.sks; sourceTree = "<group>"; };
		C0498B0C248AEB300008C91B /* GameScene.swift */ = {isa = PBXFileReference; lastKnownFileType = sourcecode.swift; path = GameScene.swift; sourceTree = "<group>"; };
		C0498B0E248AEB300008C91B /* GameViewController.swift */ = {isa = PBXFileReference; lastKnownFileType = sourcecode.swift; path = GameViewController.swift; sourceTree = "<group>"; };
		C0498B11248AEB300008C91B /* Base */ = {isa = PBXFileReference; lastKnownFileType = file.storyboard; name = Base; path = Base.lproj/Main.storyboard; sourceTree = "<group>"; };
		C0498B13248AEB320008C91B /* Assets.xcassets */ = {isa = PBXFileReference; lastKnownFileType = folder.assetcatalog; path = Assets.xcassets; sourceTree = "<group>"; };
		C0498B16248AEB320008C91B /* Base */ = {isa = PBXFileReference; lastKnownFileType = file.storyboard; name = Base; path = Base.lproj/LaunchScreen.storyboard; sourceTree = "<group>"; };
		C0498B18248AEB320008C91B /* Info.plist */ = {isa = PBXFileReference; lastKnownFileType = text.plist.xml; path = Info.plist; sourceTree = "<group>"; };
		C0498B20248C06E70008C91B /* pulse.sks */ = {isa = PBXFileReference; lastKnownFileType = file.sks; path = pulse.sks; sourceTree = "<group>"; };
		C0498B22248C07680008C91B /* fireworks.sks */ = {isa = PBXFileReference; lastKnownFileType = file.sks; path = fireworks.sks; sourceTree = "<group>"; };
		C0498B26248C33F90008C91B /* GameElements.swift */ = {isa = PBXFileReference; lastKnownFileType = sourcecode.swift; path = GameElements.swift; sourceTree = "<group>"; };
		C0498B28248C34080008C91B /* GameFunctions.swift */ = {isa = PBXFileReference; lastKnownFileType = sourcecode.swift; path = GameFunctions.swift; sourceTree = "<group>"; };
		C0498B2C248D3CB00008C91B /* powerUp.wav */ = {isa = PBXFileReference; lastKnownFileType = audio.wav; path = powerUp.wav; sourceTree = "<group>"; };
		C0498B2D248D3CB00008C91B /* move.wav */ = {isa = PBXFileReference; lastKnownFileType = audio.wav; path = move.wav; sourceTree = "<group>"; };
		C0498B2E248D3CB00008C91B /* MenuHighscoreMusic.mp3 */ = {isa = PBXFileReference; lastKnownFileType = audio.mp3; path = MenuHighscoreMusic.mp3; sourceTree = "<group>"; };
		C0498B2F248D3CB00008C91B /* background.wav */ = {isa = PBXFileReference; lastKnownFileType = audio.wav; path = background.wav; sourceTree = "<group>"; };
		C0498B30248D3CB00008C91B /* levelCompleted.wav */ = {isa = PBXFileReference; lastKnownFileType = audio.wav; path = levelCompleted.wav; sourceTree = "<group>"; };
		C0498B31248D3CB00008C91B /* fail.wav */ = {isa = PBXFileReference; lastKnownFileType = audio.wav; path = fail.wav; sourceTree = "<group>"; };
		C0498B32248D3CB00008C91B /* levelUp.wav */ = {isa = PBXFileReference; lastKnownFileType = audio.wav; path = levelUp.wav; sourceTree = "<group>"; };
		C0498B3A248D479D0008C91B /* GameOverScene.swift */ = {isa = PBXFileReference; fileEncoding = 4; lastKnownFileType = sourcecode.swift; path = GameOverScene.swift; sourceTree = "<group>"; };
		C0498B3B248D479D0008C91B /* StartScene.swift */ = {isa = PBXFileReference; fileEncoding = 4; lastKnownFileType = sourcecode.swift; path = StartScene.swift; sourceTree = "<group>"; };
		C0498B3C248D479D0008C91B /* StartScene.sks */ = {isa = PBXFileReference; lastKnownFileType = file.sks; path = StartScene.sks; sourceTree = "<group>"; };
		C0498B3D248D479D0008C91B /* GameOverScene.sks */ = {isa = PBXFileReference; lastKnownFileType = file.sks; path = GameOverScene.sks; sourceTree = "<group>"; };
/* End PBXFileReference section */

/* Begin PBXFrameworksBuildPhase section */
		C0498B00248AEB300008C91B /* Frameworks */ = {
			isa = PBXFrameworksBuildPhase;
			buildActionMask = 2147483647;
			files = (
			);
			runOnlyForDeploymentPostprocessing = 0;
		};
/* End PBXFrameworksBuildPhase section */

/* Begin PBXGroup section */
		C0498AFA248AEB300008C91B = {
			isa = PBXGroup;
			children = (
				C0498B05248AEB300008C91B /* ColorGame */,
				C0498B04248AEB300008C91B /* Products */,
			);
			sourceTree = "<group>";
		};
		C0498B04248AEB300008C91B /* Products */ = {
			isa = PBXGroup;
			children = (
				C0498B03248AEB300008C91B /* ColorGame.app */,
			);
			name = Products;
			sourceTree = "<group>";
		};
		C0498B05248AEB300008C91B /* ColorGame */ = {
			isa = PBXGroup;
			children = (
				C0498B06248AEB300008C91B /* AppDelegate.swift */,
				C0498B0E248AEB300008C91B /* GameViewController.swift */,
				C0498B0A248AEB300008C91B /* Actions.sks */,
				C0498B24248C32440008C91B /* Game Scenes */,
				C0498B25248C32690008C91B /* Particles */,
				C0498B3B248D479D0008C91B /* StartScene.swift */,
				C0498B3A248D479D0008C91B /* GameOverScene.swift */,
				C0498B0C248AEB300008C91B /* GameScene.swift */,
				C0498B26248C33F90008C91B /* GameElements.swift */,
				C0498B28248C34080008C91B /* GameFunctions.swift */,
				C0498B10248AEB300008C91B /* Main.storyboard */,
				C0498B13248AEB320008C91B /* Assets.xcassets */,
				C0498B2B248D3CB00008C91B /* Sounds */,
				C0498B15248AEB320008C91B /* LaunchScreen.storyboard */,
				C0498B18248AEB320008C91B /* Info.plist */,
			);
			path = ColorGame;
			sourceTree = "<group>";
		};
		C0498B24248C32440008C91B /* Game Scenes */ = {
			isa = PBXGroup;
			children = (
				C0498B3C248D479D0008C91B /* StartScene.sks */,
				C0498B08248AEB300008C91B /* GameScene.sks */,
				C0498B3D248D479D0008C91B /* GameOverScene.sks */,
			);
			path = "Game Scenes";
			sourceTree = "<group>";
		};
		C0498B25248C32690008C91B /* Particles */ = {
			isa = PBXGroup;
			children = (
				C0498B22248C07680008C91B /* fireworks.sks */,
				C0498B20248C06E70008C91B /* pulse.sks */,
			);
			path = Particles;
			sourceTree = "<group>";
		};
		C0498B2B248D3CB00008C91B /* Sounds */ = {
			isa = PBXGroup;
			children = (
				C0498B2C248D3CB00008C91B /* powerUp.wav */,
				C0498B2D248D3CB00008C91B /* move.wav */,
				C0498B2E248D3CB00008C91B /* MenuHighscoreMusic.mp3 */,
				C0498B2F248D3CB00008C91B /* background.wav */,
				C0498B30248D3CB00008C91B /* levelCompleted.wav */,
				C0498B31248D3CB00008C91B /* fail.wav */,
				C0498B32248D3CB00008C91B /* levelUp.wav */,
			);
			path = Sounds;
			sourceTree = "<group>";
		};
/* End PBXGroup section */

/* Begin PBXNativeTarget section */
		C0498B02248AEB300008C91B /* ColorGame */ = {
			isa = PBXNativeTarget;
			buildConfigurationList = C0498B1B248AEB320008C91B /* Build configuration list for PBXNativeTarget "ColorGame" */;
			buildPhases = (
				C0498AFF248AEB300008C91B /* Sources */,
				C0498B00248AEB300008C91B /* Frameworks */,
				C0498B01248AEB300008C91B /* Resources */,
			);
			buildRules = (
			);
			dependencies = (
			);
			name = ColorGame;
			productName = ColorGame;
			productReference = C0498B03248AEB300008C91B /* ColorGame.app */;
			productType = "com.apple.product-type.application";
		};
/* End PBXNativeTarget section */

/* Begin PBXProject section */
		C0498AFB248AEB300008C91B /* Project object */ = {
			isa = PBXProject;
			attributes = {
				LastSwiftUpdateCheck = 1150;
				LastUpgradeCheck = 1150;
				ORGANIZATIONNAME = "Jamie vullo";
				TargetAttributes = {
					C0498B02248AEB300008C91B = {
						CreatedOnToolsVersion = 11.5;
					};
				};
			};
			buildConfigurationList = C0498AFE248AEB300008C91B /* Build configuration list for PBXProject "ColorGame" */;
			compatibilityVersion = "Xcode 9.3";
			developmentRegion = en;
			hasScannedForEncodings = 0;
			knownRegions = (
				en,
				Base,
			);
			mainGroup = C0498AFA248AEB300008C91B;
			productRefGroup = C0498B04248AEB300008C91B /* Products */;
			projectDirPath = "";
			projectRoot = "";
			targets = (
				C0498B02248AEB300008C91B /* ColorGame */,
			);
		};
/* End PBXProject section */

/* Begin PBXResourcesBuildPhase section */
		C0498B01248AEB300008C91B /* Resources */ = {
			isa = PBXResourcesBuildPhase;
			buildActionMask = 2147483647;
			files = (
				C0498B23248C07680008C91B /* fireworks.sks in Resources */,
				C0498B35248D3CB10008C91B /* MenuHighscoreMusic.mp3 in Resources */,
				C0498B38248D3CB10008C91B /* fail.wav in Resources */,
				C0498B40248D479D0008C91B /* StartScene.sks in Resources */,
				C0498B41248D479D0008C91B /* GameOverScene.sks in Resources */,
				C0498B36248D3CB10008C91B /* background.wav in Resources */,
				C0498B39248D3CB10008C91B /* levelUp.wav in Resources */,
				C0498B21248C06E70008C91B /* pulse.sks in Resources */,
				C0498B33248D3CB10008C91B /* powerUp.wav in Resources */,
				C0498B12248AEB300008C91B /* Main.storyboard in Resources */,
				C0498B37248D3CB10008C91B /* levelCompleted.wav in Resources */,
				C0498B34248D3CB10008C91B /* move.wav in Resources */,
				C0498B09248AEB300008C91B /* GameScene.sks in Resources */,
				C0498B14248AEB320008C91B /* Assets.xcassets in Resources */,
				C0498B17248AEB320008C91B /* LaunchScreen.storyboard in Resources */,
				C0498B0B248AEB300008C91B /* Actions.sks in Resources */,
			);
			runOnlyForDeploymentPostprocessing = 0;
		};
/* End PBXResourcesBuildPhase section */

/* Begin PBXSourcesBuildPhase section */
		C0498AFF248AEB300008C91B /* Sources */ = {
			isa = PBXSourcesBuildPhase;
			buildActionMask = 2147483647;
			files = (
				C0498B29248C34080008C91B /* GameFunctions.swift in Sources */,
				C0498B3F248D479D0008C91B /* StartScene.swift in Sources */,
				C0498B27248C33F90008C91B /* GameElements.swift in Sources */,
				C0498B0D248AEB300008C91B /* GameScene.swift in Sources */,
				C0498B0F248AEB300008C91B /* GameViewController.swift in Sources */,
				C0498B3E248D479D0008C91B /* GameOverScene.swift in Sources */,
				C0498B07248AEB300008C91B /* AppDelegate.swift in Sources */,
			);
			runOnlyForDeploymentPostprocessing = 0;
		};
/* End PBXSourcesBuildPhase section */

/* Begin PBXVariantGroup section */
		C0498B10248AEB300008C91B /* Main.storyboard */ = {
			isa = PBXVariantGroup;
			children = (
				C0498B11248AEB300008C91B /* Base */,
			);
			name = Main.storyboard;
			sourceTree = "<group>";
		};
		C0498B15248AEB320008C91B /* LaunchScreen.storyboard */ = {
			isa = PBXVariantGroup;
			children = (
				C0498B16248AEB320008C91B /* Base */,
			);
			name = LaunchScreen.storyboard;
			sourceTree = "<group>";
		};
/* End PBXVariantGroup section */

/* Begin XCBuildConfiguration section */
		C0498B19248AEB320008C91B /* Debug */ = {
			isa = XCBuildConfiguration;
			buildSettings = {
				ALWAYS_SEARCH_USER_PATHS = NO;
				CLANG_ANALYZER_NONNULL = YES;
				CLANG_ANALYZER_NUMBER_OBJECT_CONVERSION = YES_AGGRESSIVE;
				CLANG_CXX_LANGUAGE_STANDARD = "gnu++14";
				CLANG_CXX_LIBRARY = "libc++";
				CLANG_ENABLE_MODULES = YES;
				CLANG_ENABLE_OBJC_ARC = YES;
				CLANG_ENABLE_OBJC_WEAK = YES;
				CLANG_WARN_BLOCK_CAPTURE_AUTORELEASING = YES;
				CLANG_WARN_BOOL_CONVERSION = YES;
				CLANG_WARN_COMMA = YES;
				CLANG_WARN_CONSTANT_CONVERSION = YES;
				CLANG_WARN_DEPRECATED_OBJC_IMPLEMENTATIONS = YES;
				CLANG_WARN_DIRECT_OBJC_ISA_USAGE = YES_ERROR;
				CLANG_WARN_DOCUMENTATION_COMMENTS = YES;
				CLANG_WARN_EMPTY_BODY = YES;
				CLANG_WARN_ENUM_CONVERSION = YES;
				CLANG_WARN_INFINITE_RECURSION = YES;
				CLANG_WARN_INT_CONVERSION = YES;
				CLANG_WARN_NON_LITERAL_NULL_CONVERSION = YES;
				CLANG_WARN_OBJC_IMPLICIT_RETAIN_SELF = YES;
				CLANG_WARN_OBJC_LITERAL_CONVERSION = YES;
				CLANG_WARN_OBJC_ROOT_CLASS = YES_ERROR;
				CLANG_WARN_RANGE_LOOP_ANALYSIS = YES;
				CLANG_WARN_STRICT_PROTOTYPES = YES;
				CLANG_WARN_SUSPICIOUS_MOVE = YES;
				CLANG_WARN_UNGUARDED_AVAILABILITY = YES_AGGRESSIVE;
				CLANG_WARN_UNREACHABLE_CODE = YES;
				CLANG_WARN__DUPLICATE_METHOD_MATCH = YES;
				COPY_PHASE_STRIP = NO;
				DEBUG_INFORMATION_FORMAT = dwarf;
				ENABLE_STRICT_OBJC_MSGSEND = YES;
				ENABLE_TESTABILITY = YES;
				GCC_C_LANGUAGE_STANDARD = gnu11;
				GCC_DYNAMIC_NO_PIC = NO;
				GCC_NO_COMMON_BLOCKS = YES;
				GCC_OPTIMIZATION_LEVEL = 0;
				GCC_PREPROCESSOR_DEFINITIONS = (
					"DEBUG=1",
					"$(inherited)",
				);
				GCC_WARN_64_TO_32_BIT_CONVERSION = YES;
				GCC_WARN_ABOUT_RETURN_TYPE = YES_ERROR;
				GCC_WARN_UNDECLARED_SELECTOR = YES;
				GCC_WARN_UNINITIALIZED_AUTOS = YES_AGGRESSIVE;
				GCC_WARN_UNUSED_FUNCTION = YES;
				GCC_WARN_UNUSED_VARIABLE = YES;
				IPHONEOS_DEPLOYMENT_TARGET = 13.5;
				MTL_ENABLE_DEBUG_INFO = INCLUDE_SOURCE;
				MTL_FAST_MATH = YES;
				ONLY_ACTIVE_ARCH = YES;
				SDKROOT = iphoneos;
				SWIFT_ACTIVE_COMPILATION_CONDITIONS = DEBUG;
				SWIFT_OPTIMIZATION_LEVEL = "-Onone";
			};
			name = Debug;
		};
		C0498B1A248AEB320008C91B /* Release */ = {
			isa = XCBuildConfiguration;
			buildSettings = {
				ALWAYS_SEARCH_USER_PATHS = NO;
				CLANG_ANALYZER_NONNULL = YES;
				CLANG_ANALYZER_NUMBER_OBJECT_CONVERSION = YES_AGGRESSIVE;
				CLANG_CXX_LANGUAGE_STANDARD = "gnu++14";
				CLANG_CXX_LIBRARY = "libc++";
				CLANG_ENABLE_MODULES = YES;
				CLANG_ENABLE_OBJC_ARC = YES;
				CLANG_ENABLE_OBJC_WEAK = YES;
				CLANG_WARN_BLOCK_CAPTURE_AUTORELEASING = YES;
				CLANG_WARN_BOOL_CONVERSION = YES;
				CLANG_WARN_COMMA = YES;
				CLANG_WARN_CONSTANT_CONVERSION = YES;
				CLANG_WARN_DEPRECATED_OBJC_IMPLEMENTATIONS = YES;
				CLANG_WARN_DIRECT_OBJC_ISA_USAGE = YES_ERROR;
				CLANG_WARN_DOCUMENTATION_COMMENTS = YES;
				CLANG_WARN_EMPTY_BODY = YES;
				CLANG_WARN_ENUM_CONVERSION = YES;
				CLANG_WARN_INFINITE_RECURSION = YES;
				CLANG_WARN_INT_CONVERSION = YES;
				CLANG_WARN_NON_LITERAL_NULL_CONVERSION = YES;
				CLANG_WARN_OBJC_IMPLICIT_RETAIN_SELF = YES;
				CLANG_WARN_OBJC_LITERAL_CONVERSION = YES;
				CLANG_WARN_OBJC_ROOT_CLASS = YES_ERROR;
				CLANG_WARN_RANGE_LOOP_ANALYSIS = YES;
				CLANG_WARN_STRICT_PROTOTYPES = YES;
				CLANG_WARN_SUSPICIOUS_MOVE = YES;
				CLANG_WARN_UNGUARDED_AVAILABILITY = YES_AGGRESSIVE;
				CLANG_WARN_UNREACHABLE_CODE = YES;
				CLANG_WARN__DUPLICATE_METHOD_MATCH = YES;
				COPY_PHASE_STRIP = NO;
				DEBUG_INFORMATION_FORMAT = "dwarf-with-dsym";
				ENABLE_NS_ASSERTIONS = NO;
				ENABLE_STRICT_OBJC_MSGSEND = YES;
				GCC_C_LANGUAGE_STANDARD = gnu11;
				GCC_NO_COMMON_BLOCKS = YES;
				GCC_WARN_64_TO_32_BIT_CONVERSION = YES;
				GCC_WARN_ABOUT_RETURN_TYPE = YES_ERROR;
				GCC_WARN_UNDECLARED_SELECTOR = YES;
				GCC_WARN_UNINITIALIZED_AUTOS = YES_AGGRESSIVE;
				GCC_WARN_UNUSED_FUNCTION = YES;
				GCC_WARN_UNUSED_VARIABLE = YES;
				IPHONEOS_DEPLOYMENT_TARGET = 13.5;
				MTL_ENABLE_DEBUG_INFO = NO;
				MTL_FAST_MATH = YES;
				SDKROOT = iphoneos;
				SWIFT_COMPILATION_MODE = wholemodule;
				SWIFT_OPTIMIZATION_LEVEL = "-O";
				VALIDATE_PRODUCT = YES;
			};
			name = Release;
		};
		C0498B1C248AEB320008C91B /* Debug */ = {
			isa = XCBuildConfiguration;
			buildSettings = {
				ASSETCATALOG_COMPILER_APPICON_NAME = AppIcon;
				CODE_SIGN_STYLE = Automatic;
				DEVELOPMENT_TEAM = 3PWX63M42K;
				INFOPLIST_FILE = ColorGame/Info.plist;
				LD_RUNPATH_SEARCH_PATHS = (
					"$(inherited)",
					"@executable_path/Frameworks",
				);
				PRODUCT_BUNDLE_IDENTIFIER = com.jamievullo.ColorGame;
				PRODUCT_NAME = "$(TARGET_NAME)";
				SWIFT_VERSION = 5.0;
				TARGETED_DEVICE_FAMILY = "1,2";
			};
			name = Debug;
		};
		C0498B1D248AEB320008C91B /* Release */ = {
			isa = XCBuildConfiguration;
			buildSettings = {
				ASSETCATALOG_COMPILER_APPICON_NAME = AppIcon;
				CODE_SIGN_STYLE = Automatic;
				DEVELOPMENT_TEAM = 3PWX63M42K;
				INFOPLIST_FILE = ColorGame/Info.plist;
				LD_RUNPATH_SEARCH_PATHS = (
					"$(inherited)",
					"@executable_path/Frameworks",
				);
				PRODUCT_BUNDLE_IDENTIFIER = com.jamievullo.ColorGame;
				PRODUCT_NAME = "$(TARGET_NAME)";
				SWIFT_VERSION = 5.0;
				TARGETED_DEVICE_FAMILY = "1,2";
			};
			name = Release;
		};
/* End XCBuildConfiguration section */

/* Begin XCConfigurationList section */
		C0498AFE248AEB300008C91B /* Build configuration list for PBXProject "ColorGame" */ = {
			isa = XCConfigurationList;
			buildConfigurations = (
				C0498B19248AEB320008C91B /* Debug */,
				C0498B1A248AEB320008C91B /* Release */,
			);
			defaultConfigurationIsVisible = 0;
			defaultConfigurationName = Release;
		};
		C0498B1B248AEB320008C91B /* Build configuration list for PBXNativeTarget "ColorGame" */ = {
			isa = XCConfigurationList;
			buildConfigurations = (
				C0498B1C248AEB320008C91B /* Debug */,
				C0498B1D248AEB320008C91B /* Release */,
			);
			defaultConfigurationIsVisible = 0;
			defaultConfigurationName = Release;
		};
/* End XCConfigurationList section */
	};
	rootObject = C0498AFB248AEB300008C91B /* Project object */;
}
